// !$*UTF8*$!
{
	archiveVersion = 1;
	classes = {
	};
	objectVersion = 46;
	objects = {

/* Begin PBXBuildFile section */
		A50056DA1AE725D9009B7399 /* AppDelegate.swift in Sources */ = {isa = PBXBuildFile; fileRef = A50056D91AE725D9009B7399 /* AppDelegate.swift */; };
		A50056DE1AE725D9009B7399 /* GameScene.swift in Sources */ = {isa = PBXBuildFile; fileRef = A50056DD1AE725D9009B7399 /* GameScene.swift */; };
		A50056E01AE725D9009B7399 /* GameViewController.swift in Sources */ = {isa = PBXBuildFile; fileRef = A50056DF1AE725D9009B7399 /* GameViewController.swift */; };
		A50056E31AE725D9009B7399 /* Main.storyboard in Resources */ = {isa = PBXBuildFile; fileRef = A50056E11AE725D9009B7399 /* Main.storyboard */; };
		A50056E51AE725DA009B7399 /* Images.xcassets in Resources */ = {isa = PBXBuildFile; fileRef = A50056E41AE725DA009B7399 /* Images.xcassets */; };
		A50056E81AE725DA009B7399 /* LaunchScreen.xib in Resources */ = {isa = PBXBuildFile; fileRef = A50056E61AE725DA009B7399 /* LaunchScreen.xib */; };
		A50056F41AE725DA009B7399 /* CookieCrunchTests.swift in Sources */ = {isa = PBXBuildFile; fileRef = A50056F31AE725DA009B7399 /* CookieCrunchTests.swift */; };
		A50056FE1AE72649009B7399 /* Sprites.atlas in Resources */ = {isa = PBXBuildFile; fileRef = A50056FD1AE72649009B7399 /* Sprites.atlas */; };
		A50057001AE72734009B7399 /* Cookie.swift in Sources */ = {isa = PBXBuildFile; fileRef = A50056FF1AE72734009B7399 /* Cookie.swift */; };
		A50057021AE727BD009B7399 /* Array2D.swift in Sources */ = {isa = PBXBuildFile; fileRef = A50057011AE727BD009B7399 /* Array2D.swift */; };
		A50057041AE72857009B7399 /* Level.swift in Sources */ = {isa = PBXBuildFile; fileRef = A50057031AE72857009B7399 /* Level.swift */; };
		A52AB25B1B0F87FA002A55DC /* AppDelegate.swift in Sources */ = {isa = PBXBuildFile; fileRef = A52AB25A1B0F87FA002A55DC /* AppDelegate.swift */; };
		A52AB25D1B0F87FA002A55DC /* GameScene.swift in Sources */ = {isa = PBXBuildFile; fileRef = A52AB25C1B0F87FA002A55DC /* GameScene.swift */; };
		A52AB25F1B0F87FA002A55DC /* GameScene.sks in Resources */ = {isa = PBXBuildFile; fileRef = A52AB25E1B0F87FA002A55DC /* GameScene.sks */; };
		A52AB2611B0F87FA002A55DC /* Images.xcassets in Resources */ = {isa = PBXBuildFile; fileRef = A52AB2601B0F87FA002A55DC /* Images.xcassets */; };
		A52AB2641B0F87FA002A55DC /* MainMenu.xib in Resources */ = {isa = PBXBuildFile; fileRef = A52AB2621B0F87FA002A55DC /* MainMenu.xib */; };
		A52AB2701B0F87FA002A55DC /* CookieCrunch_MacTests.swift in Sources */ = {isa = PBXBuildFile; fileRef = A52AB26F1B0F87FA002A55DC /* CookieCrunch_MacTests.swift */; };
		A5B8282D1AF96F4D008B832E /* Levels in Resources */ = {isa = PBXBuildFile; fileRef = A5B8282C1AF96F4D008B832E /* Levels */; };
		A5B8282F1AF96F9C008B832E /* Tile.swift in Sources */ = {isa = PBXBuildFile; fileRef = A5B8282E1AF96F9C008B832E /* Tile.swift */; };
		A5B828311AF97062008B832E /* Extensions.swift in Sources */ = {isa = PBXBuildFile; fileRef = A5B828301AF97062008B832E /* Extensions.swift */; };
		A5B828331AF976D1008B832E /* Swap.swift in Sources */ = {isa = PBXBuildFile; fileRef = A5B828321AF976D1008B832E /* Swap.swift */; };
		A5B828351AFAC276008B832E /* Sounds in Resources */ = {isa = PBXBuildFile; fileRef = A5B828341AFAC276008B832E /* Sounds */; };
		A5B828371AFAC691008B832E /* Chain.swift in Sources */ = {isa = PBXBuildFile; fileRef = A5B828361AFAC691008B832E /* Chain.swift */; };
/* End PBXBuildFile section */

/* Begin PBXContainerItemProxy section */
		A50056EE1AE725DA009B7399 /* PBXContainerItemProxy */ = {
			isa = PBXContainerItemProxy;
			containerPortal = A50056CC1AE725D9009B7399 /* Project object */;
			proxyType = 1;
			remoteGlobalIDString = A50056D31AE725D9009B7399;
			remoteInfo = CookieCrunch;
		};
		A52AB26A1B0F87FA002A55DC /* PBXContainerItemProxy */ = {
			isa = PBXContainerItemProxy;
			containerPortal = A50056CC1AE725D9009B7399 /* Project object */;
			proxyType = 1;
			remoteGlobalIDString = A52AB2551B0F87FA002A55DC;
			remoteInfo = "CookieCrunch Mac";
		};
/* End PBXContainerItemProxy section */

/* Begin PBXFileReference section */
		A50056D41AE725D9009B7399 /* CookieCrunch.app */ = {isa = PBXFileReference; explicitFileType = wrapper.application; includeInIndex = 0; path = CookieCrunch.app; sourceTree = BUILT_PRODUCTS_DIR; };
		A50056D81AE725D9009B7399 /* Info.plist */ = {isa = PBXFileReference; lastKnownFileType = text.plist.xml; path = Info.plist; sourceTree = "<group>"; };
		A50056D91AE725D9009B7399 /* AppDelegate.swift */ = {isa = PBXFileReference; lastKnownFileType = sourcecode.swift; path = AppDelegate.swift; sourceTree = "<group>"; };
		A50056DD1AE725D9009B7399 /* GameScene.swift */ = {isa = PBXFileReference; lastKnownFileType = sourcecode.swift; path = GameScene.swift; sourceTree = "<group>"; };
		A50056DF1AE725D9009B7399 /* GameViewController.swift */ = {isa = PBXFileReference; lastKnownFileType = sourcecode.swift; path = GameViewController.swift; sourceTree = "<group>"; };
		A50056E21AE725D9009B7399 /* Base */ = {isa = PBXFileReference; lastKnownFileType = file.storyboard; name = Base; path = Base.lproj/Main.storyboard; sourceTree = "<group>"; };
		A50056E41AE725DA009B7399 /* Images.xcassets */ = {isa = PBXFileReference; lastKnownFileType = folder.assetcatalog; path = Images.xcassets; sourceTree = "<group>"; };
		A50056E71AE725DA009B7399 /* Base */ = {isa = PBXFileReference; lastKnownFileType = file.xib; name = Base; path = Base.lproj/LaunchScreen.xib; sourceTree = "<group>"; };
		A50056ED1AE725DA009B7399 /* CookieCrunchTests.xctest */ = {isa = PBXFileReference; explicitFileType = wrapper.cfbundle; includeInIndex = 0; path = CookieCrunchTests.xctest; sourceTree = BUILT_PRODUCTS_DIR; };
		A50056F21AE725DA009B7399 /* Info.plist */ = {isa = PBXFileReference; lastKnownFileType = text.plist.xml; path = Info.plist; sourceTree = "<group>"; };
		A50056F31AE725DA009B7399 /* CookieCrunchTests.swift */ = {isa = PBXFileReference; lastKnownFileType = sourcecode.swift; path = CookieCrunchTests.swift; sourceTree = "<group>"; };
		A50056FD1AE72649009B7399 /* Sprites.atlas */ = {isa = PBXFileReference; lastKnownFileType = folder.skatlas; path = Sprites.atlas; sourceTree = "<group>"; };
		A50056FF1AE72734009B7399 /* Cookie.swift */ = {isa = PBXFileReference; fileEncoding = 4; lastKnownFileType = sourcecode.swift; path = Cookie.swift; sourceTree = "<group>"; };
		A50057011AE727BD009B7399 /* Array2D.swift */ = {isa = PBXFileReference; fileEncoding = 4; lastKnownFileType = sourcecode.swift; path = Array2D.swift; sourceTree = "<group>"; };
		A50057031AE72857009B7399 /* Level.swift */ = {isa = PBXFileReference; fileEncoding = 4; lastKnownFileType = sourcecode.swift; path = Level.swift; sourceTree = "<group>"; };
		A52AB2561B0F87FA002A55DC /* CookieCrunch Mac.app */ = {isa = PBXFileReference; explicitFileType = wrapper.application; includeInIndex = 0; path = "CookieCrunch Mac.app"; sourceTree = BUILT_PRODUCTS_DIR; };
		A52AB2591B0F87FA002A55DC /* Info.plist */ = {isa = PBXFileReference; lastKnownFileType = text.plist.xml; path = Info.plist; sourceTree = "<group>"; };
		A52AB25A1B0F87FA002A55DC /* AppDelegate.swift */ = {isa = PBXFileReference; lastKnownFileType = sourcecode.swift; path = AppDelegate.swift; sourceTree = "<group>"; };
		A52AB25C1B0F87FA002A55DC /* GameScene.swift */ = {isa = PBXFileReference; lastKnownFileType = sourcecode.swift; path = GameScene.swift; sourceTree = "<group>"; };
		A52AB25E1B0F87FA002A55DC /* GameScene.sks */ = {isa = PBXFileReference; lastKnownFileType = file.sks; path = GameScene.sks; sourceTree = "<group>"; };
		A52AB2601B0F87FA002A55DC /* Images.xcassets */ = {isa = PBXFileReference; lastKnownFileType = folder.assetcatalog; path = Images.xcassets; sourceTree = "<group>"; };
		A52AB2631B0F87FA002A55DC /* Base */ = {isa = PBXFileReference; lastKnownFileType = file.xib; name = Base; path = Base.lproj/MainMenu.xib; sourceTree = "<group>"; };
		A52AB2691B0F87FA002A55DC /* CookieCrunch MacTests.xctest */ = {isa = PBXFileReference; explicitFileType = wrapper.cfbundle; includeInIndex = 0; path = "CookieCrunch MacTests.xctest"; sourceTree = BUILT_PRODUCTS_DIR; };
		A52AB26E1B0F87FA002A55DC /* Info.plist */ = {isa = PBXFileReference; lastKnownFileType = text.plist.xml; path = Info.plist; sourceTree = "<group>"; };
		A52AB26F1B0F87FA002A55DC /* CookieCrunch_MacTests.swift */ = {isa = PBXFileReference; lastKnownFileType = sourcecode.swift; path = CookieCrunch_MacTests.swift; sourceTree = "<group>"; };
		A5B8282C1AF96F4D008B832E /* Levels */ = {isa = PBXFileReference; lastKnownFileType = folder; path = Levels; sourceTree = "<group>"; };
		A5B8282E1AF96F9C008B832E /* Tile.swift */ = {isa = PBXFileReference; fileEncoding = 4; lastKnownFileType = sourcecode.swift; path = Tile.swift; sourceTree = "<group>"; };
		A5B828301AF97062008B832E /* Extensions.swift */ = {isa = PBXFileReference; fileEncoding = 4; lastKnownFileType = sourcecode.swift; path = Extensions.swift; sourceTree = "<group>"; };
		A5B828321AF976D1008B832E /* Swap.swift */ = {isa = PBXFileReference; fileEncoding = 4; lastKnownFileType = sourcecode.swift; path = Swap.swift; sourceTree = "<group>"; };
		A5B828341AFAC276008B832E /* Sounds */ = {isa = PBXFileReference; lastKnownFileType = folder; path = Sounds; sourceTree = "<group>"; };
		A5B828361AFAC691008B832E /* Chain.swift */ = {isa = PBXFileReference; fileEncoding = 4; lastKnownFileType = sourcecode.swift; path = Chain.swift; sourceTree = "<group>"; };
/* End PBXFileReference section */

/* Begin PBXFrameworksBuildPhase section */
		A50056D11AE725D9009B7399 /* Frameworks */ = {
			isa = PBXFrameworksBuildPhase;
			buildActionMask = 2147483647;
			files = (
			);
			runOnlyForDeploymentPostprocessing = 0;
		};
		A50056EA1AE725DA009B7399 /* Frameworks */ = {
			isa = PBXFrameworksBuildPhase;
			buildActionMask = 2147483647;
			files = (
			);
			runOnlyForDeploymentPostprocessing = 0;
		};
		A52AB2531B0F87FA002A55DC /* Frameworks */ = {
			isa = PBXFrameworksBuildPhase;
			buildActionMask = 2147483647;
			files = (
			);
			runOnlyForDeploymentPostprocessing = 0;
		};
		A52AB2661B0F87FA002A55DC /* Frameworks */ = {
			isa = PBXFrameworksBuildPhase;
			buildActionMask = 2147483647;
			files = (
			);
			runOnlyForDeploymentPostprocessing = 0;
		};
/* End PBXFrameworksBuildPhase section */

/* Begin PBXGroup section */
		A50056CB1AE725D9009B7399 = {
			isa = PBXGroup;
			children = (
				A50056D61AE725D9009B7399 /* CookieCrunch */,
				A50056F01AE725DA009B7399 /* CookieCrunchTests */,
				A52AB2571B0F87FA002A55DC /* CookieCrunch Mac */,
				A52AB26C1B0F87FA002A55DC /* CookieCrunch MacTests */,
				A50056D51AE725D9009B7399 /* Products */,
			);
			sourceTree = "<group>";
		};
		A50056D51AE725D9009B7399 /* Products */ = {
			isa = PBXGroup;
			children = (
				A50056D41AE725D9009B7399 /* CookieCrunch.app */,
				A50056ED1AE725DA009B7399 /* CookieCrunchTests.xctest */,
				A52AB2561B0F87FA002A55DC /* CookieCrunch Mac.app */,
				A52AB2691B0F87FA002A55DC /* CookieCrunch MacTests.xctest */,
			);
			name = Products;
			sourceTree = "<group>";
		};
		A50056D61AE725D9009B7399 /* CookieCrunch */ = {
			isa = PBXGroup;
			children = (
				A50056D91AE725D9009B7399 /* AppDelegate.swift */,
				A50056DD1AE725D9009B7399 /* GameScene.swift */,
				A5B828361AFAC691008B832E /* Chain.swift */,
				A5B828321AF976D1008B832E /* Swap.swift */,
				A50056FF1AE72734009B7399 /* Cookie.swift */,
				A50057011AE727BD009B7399 /* Array2D.swift */,
				A50057031AE72857009B7399 /* Level.swift */,
				A5B828301AF97062008B832E /* Extensions.swift */,
				A50056DF1AE725D9009B7399 /* GameViewController.swift */,
				A5B8282E1AF96F9C008B832E /* Tile.swift */,
				A50056E11AE725D9009B7399 /* Main.storyboard */,
				A50056E41AE725DA009B7399 /* Images.xcassets */,
				A50056FD1AE72649009B7399 /* Sprites.atlas */,
				A5B8282C1AF96F4D008B832E /* Levels */,
				A5B828341AFAC276008B832E /* Sounds */,
				A50056E61AE725DA009B7399 /* LaunchScreen.xib */,
				A50056D71AE725D9009B7399 /* Supporting Files */,
			);
			path = CookieCrunch;
			sourceTree = "<group>";
		};
		A50056D71AE725D9009B7399 /* Supporting Files */ = {
			isa = PBXGroup;
			children = (
				A50056D81AE725D9009B7399 /* Info.plist */,
			);
			name = "Supporting Files";
			sourceTree = "<group>";
		};
		A50056F01AE725DA009B7399 /* CookieCrunchTests */ = {
			isa = PBXGroup;
			children = (
				A50056F31AE725DA009B7399 /* CookieCrunchTests.swift */,
				A50056F11AE725DA009B7399 /* Supporting Files */,
			);
			path = CookieCrunchTests;
			sourceTree = "<group>";
		};
		A50056F11AE725DA009B7399 /* Supporting Files */ = {
			isa = PBXGroup;
			children = (
				A50056F21AE725DA009B7399 /* Info.plist */,
			);
			name = "Supporting Files";
			sourceTree = "<group>";
		};
		A52AB2571B0F87FA002A55DC /* CookieCrunch Mac */ = {
			isa = PBXGroup;
			children = (
				A52AB25A1B0F87FA002A55DC /* AppDelegate.swift */,
				A52AB25C1B0F87FA002A55DC /* GameScene.swift */,
				A52AB25E1B0F87FA002A55DC /* GameScene.sks */,
				A52AB2601B0F87FA002A55DC /* Images.xcassets */,
				A52AB2621B0F87FA002A55DC /* MainMenu.xib */,
				A52AB2581B0F87FA002A55DC /* Supporting Files */,
			);
			path = "CookieCrunch Mac";
			sourceTree = "<group>";
		};
		A52AB2581B0F87FA002A55DC /* Supporting Files */ = {
			isa = PBXGroup;
			children = (
				A52AB2591B0F87FA002A55DC /* Info.plist */,
			);
			name = "Supporting Files";
			sourceTree = "<group>";
		};
		A52AB26C1B0F87FA002A55DC /* CookieCrunch MacTests */ = {
			isa = PBXGroup;
			children = (
				A52AB26F1B0F87FA002A55DC /* CookieCrunch_MacTests.swift */,
				A52AB26D1B0F87FA002A55DC /* Supporting Files */,
			);
			path = "CookieCrunch MacTests";
			sourceTree = "<group>";
		};
		A52AB26D1B0F87FA002A55DC /* Supporting Files */ = {
			isa = PBXGroup;
			children = (
				A52AB26E1B0F87FA002A55DC /* Info.plist */,
			);
			name = "Supporting Files";
			sourceTree = "<group>";
		};
/* End PBXGroup section */

/* Begin PBXNativeTarget section */
		A50056D31AE725D9009B7399 /* CookieCrunch */ = {
			isa = PBXNativeTarget;
			buildConfigurationList = A50056F71AE725DA009B7399 /* Build configuration list for PBXNativeTarget "CookieCrunch" */;
			buildPhases = (
				A50056D01AE725D9009B7399 /* Sources */,
				A50056D11AE725D9009B7399 /* Frameworks */,
				A50056D21AE725D9009B7399 /* Resources */,
			);
			buildRules = (
			);
			dependencies = (
			);
			name = CookieCrunch;
			productName = CookieCrunch;
			productReference = A50056D41AE725D9009B7399 /* CookieCrunch.app */;
			productType = "com.apple.product-type.application";
		};
		A50056EC1AE725DA009B7399 /* CookieCrunchTests */ = {
			isa = PBXNativeTarget;
			buildConfigurationList = A50056FA1AE725DA009B7399 /* Build configuration list for PBXNativeTarget "CookieCrunchTests" */;
			buildPhases = (
				A50056E91AE725DA009B7399 /* Sources */,
				A50056EA1AE725DA009B7399 /* Frameworks */,
				A50056EB1AE725DA009B7399 /* Resources */,
			);
			buildRules = (
			);
			dependencies = (
				A50056EF1AE725DA009B7399 /* PBXTargetDependency */,
			);
			name = CookieCrunchTests;
			productName = CookieCrunchTests;
			productReference = A50056ED1AE725DA009B7399 /* CookieCrunchTests.xctest */;
			productType = "com.apple.product-type.bundle.unit-test";
		};
		A52AB2551B0F87FA002A55DC /* CookieCrunch Mac */ = {
			isa = PBXNativeTarget;
			buildConfigurationList = A52AB2751B0F87FA002A55DC /* Build configuration list for PBXNativeTarget "CookieCrunch Mac" */;
			buildPhases = (
				A52AB2521B0F87FA002A55DC /* Sources */,
				A52AB2531B0F87FA002A55DC /* Frameworks */,
				A52AB2541B0F87FA002A55DC /* Resources */,
			);
			buildRules = (
			);
			dependencies = (
			);
			name = "CookieCrunch Mac";
			productName = "CookieCrunch Mac";
			productReference = A52AB2561B0F87FA002A55DC /* CookieCrunch Mac.app */;
			productType = "com.apple.product-type.application";
		};
		A52AB2681B0F87FA002A55DC /* CookieCrunch MacTests */ = {
			isa = PBXNativeTarget;
			buildConfigurationList = A52AB2761B0F87FA002A55DC /* Build configuration list for PBXNativeTarget "CookieCrunch MacTests" */;
			buildPhases = (
				A52AB2651B0F87FA002A55DC /* Sources */,
				A52AB2661B0F87FA002A55DC /* Frameworks */,
				A52AB2671B0F87FA002A55DC /* Resources */,
			);
			buildRules = (
			);
			dependencies = (
				A52AB26B1B0F87FA002A55DC /* PBXTargetDependency */,
			);
			name = "CookieCrunch MacTests";
			productName = "CookieCrunch MacTests";
			productReference = A52AB2691B0F87FA002A55DC /* CookieCrunch MacTests.xctest */;
			productType = "com.apple.product-type.bundle.unit-test";
		};
/* End PBXNativeTarget section */

/* Begin PBXProject section */
		A50056CC1AE725D9009B7399 /* Project object */ = {
			isa = PBXProject;
			attributes = {
				LastUpgradeCheck = 0630;
				ORGANIZATIONNAME = tadeucruz;
				TargetAttributes = {
					A50056D31AE725D9009B7399 = {
						CreatedOnToolsVersion = 6.3;
					};
					A50056EC1AE725DA009B7399 = {
						CreatedOnToolsVersion = 6.3;
						TestTargetID = A50056D31AE725D9009B7399;
					};
					A52AB2551B0F87FA002A55DC = {
						CreatedOnToolsVersion = 6.3.2;
					};
					A52AB2681B0F87FA002A55DC = {
						CreatedOnToolsVersion = 6.3.2;
						TestTargetID = A52AB2551B0F87FA002A55DC;
					};
				};
			};
			buildConfigurationList = A50056CF1AE725D9009B7399 /* Build configuration list for PBXProject "CookieCrunch" */;
			compatibilityVersion = "Xcode 3.2";
			developmentRegion = English;
			hasScannedForEncodings = 0;
			knownRegions = (
				en,
				Base,
			);
			mainGroup = A50056CB1AE725D9009B7399;
			productRefGroup = A50056D51AE725D9009B7399 /* Products */;
			projectDirPath = "";
			projectRoot = "";
			targets = (
				A50056D31AE725D9009B7399 /* CookieCrunch */,
				A50056EC1AE725DA009B7399 /* CookieCrunchTests */,
				A52AB2551B0F87FA002A55DC /* CookieCrunch Mac */,
				A52AB2681B0F87FA002A55DC /* CookieCrunch MacTests */,
			);
		};
/* End PBXProject section */

/* Begin PBXResourcesBuildPhase section */
		A50056D21AE725D9009B7399 /* Resources */ = {
			isa = PBXResourcesBuildPhase;
			buildActionMask = 2147483647;
			files = (
				A5B828351AFAC276008B832E /* Sounds in Resources */,
				A5B8282D1AF96F4D008B832E /* Levels in Resources */,
				A50056E81AE725DA009B7399 /* LaunchScreen.xib in Resources */,
				A50056E51AE725DA009B7399 /* Images.xcassets in Resources */,
				A50056E31AE725D9009B7399 /* Main.storyboard in Resources */,
				A50056FE1AE72649009B7399 /* Sprites.atlas in Resources */,
			);
			runOnlyForDeploymentPostprocessing = 0;
		};
		A50056EB1AE725DA009B7399 /* Resources */ = {
			isa = PBXResourcesBuildPhase;
			buildActionMask = 2147483647;
			files = (
			);
			runOnlyForDeploymentPostprocessing = 0;
		};
		A52AB2541B0F87FA002A55DC /* Resources */ = {
			isa = PBXResourcesBuildPhase;
			buildActionMask = 2147483647;
			files = (
				A52AB25F1B0F87FA002A55DC /* GameScene.sks in Resources */,
				A52AB2611B0F87FA002A55DC /* Images.xcassets in Resources */,
				A52AB2641B0F87FA002A55DC /* MainMenu.xib in Resources */,
			);
			runOnlyForDeploymentPostprocessing = 0;
		};
		A52AB2671B0F87FA002A55DC /* Resources */ = {
			isa = PBXResourcesBuildPhase;
			buildActionMask = 2147483647;
			files = (
			);
			runOnlyForDeploymentPostprocessing = 0;
		};
/* End PBXResourcesBuildPhase section */

/* Begin PBXSourcesBuildPhase section */
		A50056D01AE725D9009B7399 /* Sources */ = {
			isa = PBXSourcesBuildPhase;
			buildActionMask = 2147483647;
			files = (
				A50057041AE72857009B7399 /* Level.swift in Sources */,
				A50056DE1AE725D9009B7399 /* GameScene.swift in Sources */,
				A50057001AE72734009B7399 /* Cookie.swift in Sources */,
				A5B828311AF97062008B832E /* Extensions.swift in Sources */,
				A5B8282F1AF96F9C008B832E /* Tile.swift in Sources */,
				A5B828371AFAC691008B832E /* Chain.swift in Sources */,
				A50056E01AE725D9009B7399 /* GameViewController.swift in Sources */,
				A50056DA1AE725D9009B7399 /* AppDelegate.swift in Sources */,
				A5B828331AF976D1008B832E /* Swap.swift in Sources */,
				A50057021AE727BD009B7399 /* Array2D.swift in Sources */,
			);
			runOnlyForDeploymentPostprocessing = 0;
		};
		A50056E91AE725DA009B7399 /* Sources */ = {
			isa = PBXSourcesBuildPhase;
			buildActionMask = 2147483647;
			files = (
				A50056F41AE725DA009B7399 /* CookieCrunchTests.swift in Sources */,
			);
			runOnlyForDeploymentPostprocessing = 0;
		};
		A52AB2521B0F87FA002A55DC /* Sources */ = {
			isa = PBXSourcesBuildPhase;
			buildActionMask = 2147483647;
			files = (
				A52AB25D1B0F87FA002A55DC /* GameScene.swift in Sources */,
				A52AB25B1B0F87FA002A55DC /* AppDelegate.swift in Sources */,
			);
			runOnlyForDeploymentPostprocessing = 0;
		};
		A52AB2651B0F87FA002A55DC /* Sources */ = {
			isa = PBXSourcesBuildPhase;
			buildActionMask = 2147483647;
			files = (
				A52AB2701B0F87FA002A55DC /* CookieCrunch_MacTests.swift in Sources */,
			);
			runOnlyForDeploymentPostprocessing = 0;
		};
/* End PBXSourcesBuildPhase section */

/* Begin PBXTargetDependency section */
		A50056EF1AE725DA009B7399 /* PBXTargetDependency */ = {
			isa = PBXTargetDependency;
			target = A50056D31AE725D9009B7399 /* CookieCrunch */;
			targetProxy = A50056EE1AE725DA009B7399 /* PBXContainerItemProxy */;
		};
		A52AB26B1B0F87FA002A55DC /* PBXTargetDependency */ = {
			isa = PBXTargetDependency;
			target = A52AB2551B0F87FA002A55DC /* CookieCrunch Mac */;
			targetProxy = A52AB26A1B0F87FA002A55DC /* PBXContainerItemProxy */;
		};
/* End PBXTargetDependency section */

/* Begin PBXVariantGroup section */
		A50056E11AE725D9009B7399 /* Main.storyboard */ = {
			isa = PBXVariantGroup;
			children = (
				A50056E21AE725D9009B7399 /* Base */,
			);
			name = Main.storyboard;
			sourceTree = "<group>";
		};
		A50056E61AE725DA009B7399 /* LaunchScreen.xib */ = {
			isa = PBXVariantGroup;
			children = (
				A50056E71AE725DA009B7399 /* Base */,
			);
			name = LaunchScreen.xib;
			sourceTree = "<group>";
		};
		A52AB2621B0F87FA002A55DC /* MainMenu.xib */ = {
			isa = PBXVariantGroup;
			children = (
				A52AB2631B0F87FA002A55DC /* Base */,
			);
			name = MainMenu.xib;
			sourceTree = "<group>";
		};
/* End PBXVariantGroup section */

/* Begin XCBuildConfiguration section */
		A50056F51AE725DA009B7399 /* Debug */ = {
			isa = XCBuildConfiguration;
			buildSettings = {
				ALWAYS_SEARCH_USER_PATHS = NO;
				CLANG_CXX_LANGUAGE_STANDARD = "gnu++0x";
				CLANG_CXX_LIBRARY = "libc++";
				CLANG_ENABLE_MODULES = YES;
				CLANG_ENABLE_OBJC_ARC = YES;
				CLANG_WARN_BOOL_CONVERSION = YES;
				CLANG_WARN_CONSTANT_CONVERSION = YES;
				CLANG_WARN_DIRECT_OBJC_ISA_USAGE = YES_ERROR;
				CLANG_WARN_EMPTY_BODY = YES;
				CLANG_WARN_ENUM_CONVERSION = YES;
				CLANG_WARN_INT_CONVERSION = YES;
				CLANG_WARN_OBJC_ROOT_CLASS = YES_ERROR;
				CLANG_WARN_UNREACHABLE_CODE = YES;
				CLANG_WARN__DUPLICATE_METHOD_MATCH = YES;
				"CODE_SIGN_IDENTITY[sdk=iphoneos*]" = "iPhone Developer";
				COPY_PHASE_STRIP = NO;
				DEBUG_INFORMATION_FORMAT = "dwarf-with-dsym";
				ENABLE_STRICT_OBJC_MSGSEND = YES;
				GCC_C_LANGUAGE_STANDARD = gnu99;
				GCC_DYNAMIC_NO_PIC = NO;
				GCC_NO_COMMON_BLOCKS = YES;
				GCC_OPTIMIZATION_LEVEL = 0;
				GCC_PREPROCESSOR_DEFINITIONS = (
					"DEBUG=1",
					"$(inherited)",
				);
				GCC_SYMBOLS_PRIVATE_EXTERN = NO;
				GCC_WARN_64_TO_32_BIT_CONVERSION = YES;
				GCC_WARN_ABOUT_RETURN_TYPE = YES_ERROR;
				GCC_WARN_UNDECLARED_SELECTOR = YES;
				GCC_WARN_UNINITIALIZED_AUTOS = YES_AGGRESSIVE;
				GCC_WARN_UNUSED_FUNCTION = YES;
				GCC_WARN_UNUSED_VARIABLE = YES;
				IPHONEOS_DEPLOYMENT_TARGET = 8.3;
				MTL_ENABLE_DEBUG_INFO = YES;
				ONLY_ACTIVE_ARCH = YES;
				SDKROOT = iphoneos;
				SWIFT_OPTIMIZATION_LEVEL = "-Onone";
			};
			name = Debug;
		};
		A50056F61AE725DA009B7399 /* Release */ = {
			isa = XCBuildConfiguration;
			buildSettings = {
				ALWAYS_SEARCH_USER_PATHS = NO;
				CLANG_CXX_LANGUAGE_STANDARD = "gnu++0x";
				CLANG_CXX_LIBRARY = "libc++";
				CLANG_ENABLE_MODULES = YES;
				CLANG_ENABLE_OBJC_ARC = YES;
				CLANG_WARN_BOOL_CONVERSION = YES;
				CLANG_WARN_CONSTANT_CONVERSION = YES;
				CLANG_WARN_DIRECT_OBJC_ISA_USAGE = YES_ERROR;
				CLANG_WARN_EMPTY_BODY = YES;
				CLANG_WARN_ENUM_CONVERSION = YES;
				CLANG_WARN_INT_CONVERSION = YES;
				CLANG_WARN_OBJC_ROOT_CLASS = YES_ERROR;
				CLANG_WARN_UNREACHABLE_CODE = YES;
				CLANG_WARN__DUPLICATE_METHOD_MATCH = YES;
				"CODE_SIGN_IDENTITY[sdk=iphoneos*]" = "iPhone Developer";
				COPY_PHASE_STRIP = NO;
				DEBUG_INFORMATION_FORMAT = "dwarf-with-dsym";
				ENABLE_NS_ASSERTIONS = NO;
				ENABLE_STRICT_OBJC_MSGSEND = YES;
				GCC_C_LANGUAGE_STANDARD = gnu99;
				GCC_NO_COMMON_BLOCKS = YES;
				GCC_WARN_64_TO_32_BIT_CONVERSION = YES;
				GCC_WARN_ABOUT_RETURN_TYPE = YES_ERROR;
				GCC_WARN_UNDECLARED_SELECTOR = YES;
				GCC_WARN_UNINITIALIZED_AUTOS = YES_AGGRESSIVE;
				GCC_WARN_UNUSED_FUNCTION = YES;
				GCC_WARN_UNUSED_VARIABLE = YES;
				IPHONEOS_DEPLOYMENT_TARGET = 8.3;
				MTL_ENABLE_DEBUG_INFO = NO;
				SDKROOT = iphoneos;
				VALIDATE_PRODUCT = YES;
			};
			name = Release;
		};
		A50056F81AE725DA009B7399 /* Debug */ = {
			isa = XCBuildConfiguration;
			buildSettings = {
				ASSETCATALOG_COMPILER_APPICON_NAME = AppIcon;
				INFOPLIST_FILE = CookieCrunch/Info.plist;
				LD_RUNPATH_SEARCH_PATHS = "$(inherited) @executable_path/Frameworks";
				PRODUCT_NAME = "$(TARGET_NAME)";
			};
			name = Debug;
		};
		A50056F91AE725DA009B7399 /* Release */ = {
			isa = XCBuildConfiguration;
			buildSettings = {
				ASSETCATALOG_COMPILER_APPICON_NAME = AppIcon;
				INFOPLIST_FILE = CookieCrunch/Info.plist;
				LD_RUNPATH_SEARCH_PATHS = "$(inherited) @executable_path/Frameworks";
				PRODUCT_NAME = "$(TARGET_NAME)";
			};
			name = Release;
		};
		A50056FB1AE725DA009B7399 /* Debug */ = {
			isa = XCBuildConfiguration;
			buildSettings = {
				BUNDLE_LOADER = "$(TEST_HOST)";
				FRAMEWORK_SEARCH_PATHS = (
					"$(SDKROOT)/Developer/Library/Frameworks",
					"$(inherited)",
				);
				GCC_PREPROCESSOR_DEFINITIONS = (
					"DEBUG=1",
					"$(inherited)",
				);
				INFOPLIST_FILE = CookieCrunchTests/Info.plist;
				LD_RUNPATH_SEARCH_PATHS = "$(inherited) @executable_path/Frameworks @loader_path/Frameworks";
				PRODUCT_NAME = "$(TARGET_NAME)";
				TEST_HOST = "$(BUILT_PRODUCTS_DIR)/CookieCrunch.app/CookieCrunch";
			};
			name = Debug;
		};
		A50056FC1AE725DA009B7399 /* Release */ = {
			isa = XCBuildConfiguration;
			buildSettings = {
				BUNDLE_LOADER = "$(TEST_HOST)";
				FRAMEWORK_SEARCH_PATHS = (
					"$(SDKROOT)/Developer/Library/Frameworks",
					"$(inherited)",
				);
				INFOPLIST_FILE = CookieCrunchTests/Info.plist;
				LD_RUNPATH_SEARCH_PATHS = "$(inherited) @executable_path/Frameworks @loader_path/Frameworks";
				PRODUCT_NAME = "$(TARGET_NAME)";
				TEST_HOST = "$(BUILT_PRODUCTS_DIR)/CookieCrunch.app/CookieCrunch";
			};
			name = Release;
		};
		A52AB2711B0F87FA002A55DC /* Debug */ = {
			isa = XCBuildConfiguration;
			buildSettings = {
				ASSETCATALOG_COMPILER_APPICON_NAME = AppIcon;
				CODE_SIGN_IDENTITY = "-";
				COMBINE_HIDPI_IMAGES = YES;
				DEBUG_INFORMATION_FORMAT = dwarf;
				GCC_PREPROCESSOR_DEFINITIONS = (
					"DEBUG=1",
					"$(inherited)",
				);
				INFOPLIST_FILE = "CookieCrunch Mac/Info.plist";
				LD_RUNPATH_SEARCH_PATHS = "$(inherited) @executable_path/../Frameworks";
				MACOSX_DEPLOYMENT_TARGET = 10.10;
				PRODUCT_NAME = "$(TARGET_NAME)";
				SDKROOT = macosx;
			};
			name = Debug;
		};
		A52AB2721B0F87FA002A55DC /* Release */ = {
			isa = XCBuildConfiguration;
			buildSettings = {
				ASSETCATALOG_COMPILER_APPICON_NAME = AppIcon;
				CODE_SIGN_IDENTITY = "-";
				COMBINE_HIDPI_IMAGES = YES;
				INFOPLIST_FILE = "CookieCrunch Mac/Info.plist";
				LD_RUNPATH_SEARCH_PATHS = "$(inherited) @executable_path/../Frameworks";
				MACOSX_DEPLOYMENT_TARGET = 10.10;
				PRODUCT_NAME = "$(TARGET_NAME)";
				SDKROOT = macosx;
			};
			name = Release;
		};
		A52AB2731B0F87FA002A55DC /* Debug */ = {
			isa = XCBuildConfiguration;
			buildSettings = {
				BUNDLE_LOADER = "$(TEST_HOST)";
				COMBINE_HIDPI_IMAGES = YES;
				DEBUG_INFORMATION_FORMAT = dwarf;
				FRAMEWORK_SEARCH_PATHS = (
					"$(DEVELOPER_FRAMEWORKS_DIR)",
					"$(inherited)",
				);
				GCC_PREPROCESSOR_DEFINITIONS = (
					"DEBUG=1",
					"$(inherited)",
				);
				INFOPLIST_FILE = "CookieCrunch MacTests/Info.plist";
				LD_RUNPATH_SEARCH_PATHS = "$(inherited) @executable_path/../Frameworks @loader_path/../Frameworks";
				MACOSX_DEPLOYMENT_TARGET = 10.10;
				PRODUCT_NAME = "$(TARGET_NAME)";
				SDKROOT = macosx;
				TEST_HOST = "$(BUILT_PRODUCTS_DIR)/CookieCrunch Mac.app/Contents/MacOS/CookieCrunch Mac";
			};
			name = Debug;
		};
		A52AB2741B0F87FA002A55DC /* Release */ = {
			isa = XCBuildConfiguration;
			buildSettings = {
				BUNDLE_LOADER = "$(TEST_HOST)";
				COMBINE_HIDPI_IMAGES = YES;
				FRAMEWORK_SEARCH_PATHS = (
					"$(DEVELOPER_FRAMEWORKS_DIR)",
					"$(inherited)",
				);
				INFOPLIST_FILE = "CookieCrunch MacTests/Info.plist";
				LD_RUNPATH_SEARCH_PATHS = "$(inherited) @executable_path/../Frameworks @loader_path/../Frameworks";
				MACOSX_DEPLOYMENT_TARGET = 10.10;
				PRODUCT_NAME = "$(TARGET_NAME)";
				SDKROOT = macosx;
				TEST_HOST = "$(BUILT_PRODUCTS_DIR)/CookieCrunch Mac.app/Contents/MacOS/CookieCrunch Mac";
			};
			name = Release;
		};
/* End XCBuildConfiguration section */

/* Begin XCConfigurationList section */
		A50056CF1AE725D9009B7399 /* Build configuration list for PBXProject "CookieCrunch" */ = {
			isa = XCConfigurationList;
			buildConfigurations = (
				A50056F51AE725DA009B7399 /* Debug */,
				A50056F61AE725DA009B7399 /* Release */,
			);
			defaultConfigurationIsVisible = 0;
			defaultConfigurationName = Release;
		};
		A50056F71AE725DA009B7399 /* Build configuration list for PBXNativeTarget "CookieCrunch" */ = {
			isa = XCConfigurationList;
			buildConfigurations = (
				A50056F81AE725DA009B7399 /* Debug */,
				A50056F91AE725DA009B7399 /* Release */,
			);
			defaultConfigurationIsVisible = 0;
			defaultConfigurationName = Release;
		};
		A50056FA1AE725DA009B7399 /* Build configuration list for PBXNativeTarget "CookieCrunchTests" */ = {
			isa = XCConfigurationList;
			buildConfigurations = (
				A50056FB1AE725DA009B7399 /* Debug */,
				A50056FC1AE725DA009B7399 /* Release */,
			);
			defaultConfigurationIsVisible = 0;
			defaultConfigurationName = Release;
		};
		A52AB2751B0F87FA002A55DC /* Build configuration list for PBXNativeTarget "CookieCrunch Mac" */ = {
			isa = XCConfigurationList;
			buildConfigurations = (
				A52AB2711B0F87FA002A55DC /* Debug */,
				A52AB2721B0F87FA002A55DC /* Release */,
			);
			defaultConfigurationIsVisible = 0;
		};
		A52AB2761B0F87FA002A55DC /* Build configuration list for PBXNativeTarget "CookieCrunch MacTests" */ = {
			isa = XCConfigurationList;
			buildConfigurations = (
				A52AB2731B0F87FA002A55DC /* Debug */,
				A52AB2741B0F87FA002A55DC /* Release */,
			);
			defaultConfigurationIsVisible = 0;
		};
/* End XCConfigurationList section */
	};
	rootObject = A50056CC1AE725D9009B7399 /* Project object */;
}
